// !$*UTF8*$!
{
	archiveVersion = 1;
	classes = {
	};
	objectVersion = 56;
	objects = {

/* Begin PBXBuildFile section */
		8E2BE83D2A6D2F6800AECC78 /* DatabaseTriggerDefinition.swift in Sources */ = {isa = PBXBuildFile; fileRef = 8E2BE83C2A6D2F6800AECC78 /* DatabaseTriggerDefinition.swift */; };
		8E7A8CF72A6756A900C086B9 /* AppDelegate.swift in Sources */ = {isa = PBXBuildFile; fileRef = 8E7A8CF62A6756A900C086B9 /* AppDelegate.swift */; };
		8E7A8CF92A6756A900C086B9 /* ViewController.swift in Sources */ = {isa = PBXBuildFile; fileRef = 8E7A8CF82A6756A900C086B9 /* ViewController.swift */; };
		8E7A8CFB2A6756AA00C086B9 /* Assets.xcassets in Resources */ = {isa = PBXBuildFile; fileRef = 8E7A8CFA2A6756AA00C086B9 /* Assets.xcassets */; };
		8E7A8CFE2A6756AA00C086B9 /* Main.storyboard in Resources */ = {isa = PBXBuildFile; fileRef = 8E7A8CFC2A6756AA00C086B9 /* Main.storyboard */; };
		8E7A8D092A6756AA00C086B9 /* PostgresModelAppTests.swift in Sources */ = {isa = PBXBuildFile; fileRef = 8E7A8D082A6756AA00C086B9 /* PostgresModelAppTests.swift */; };
		8E7A8D132A6756AA00C086B9 /* PostgresModelAppUITests.swift in Sources */ = {isa = PBXBuildFile; fileRef = 8E7A8D122A6756AA00C086B9 /* PostgresModelAppUITests.swift */; };
		8E7A8D152A6756AA00C086B9 /* PostgresModelAppUITestsLaunchTests.swift in Sources */ = {isa = PBXBuildFile; fileRef = 8E7A8D142A6756AA00C086B9 /* PostgresModelAppUITestsLaunchTests.swift */; };
		8E7A8D252A675E1100C086B9 /* PostgresClientKit in Frameworks */ = {isa = PBXBuildFile; productRef = 8E7A8D242A675E1100C086B9 /* PostgresClientKit */; };
		8E7A8D2C2A675ECF00C086B9 /* SchemaVersionMigration.swift in Sources */ = {isa = PBXBuildFile; fileRef = 8E7A8D2B2A675ECF00C086B9 /* SchemaVersionMigration.swift */; };
		8E7A8D2E2A675EFE00C086B9 /* DatabaseDefinition.swift in Sources */ = {isa = PBXBuildFile; fileRef = 8E7A8D2D2A675EFE00C086B9 /* DatabaseDefinition.swift */; };
		8E7A8D302A675F2200C086B9 /* DatabaseColumnMapping.swift in Sources */ = {isa = PBXBuildFile; fileRef = 8E7A8D2F2A675F2200C086B9 /* DatabaseColumnMapping.swift */; };
		8E7A8D322A675F6200C086B9 /* PostgresDB.swift in Sources */ = {isa = PBXBuildFile; fileRef = 8E7A8D312A675F6200C086B9 /* PostgresDB.swift */; };
		8E7A8D382A6772D500C086B9 /* PostgresRecord.swift in Sources */ = {isa = PBXBuildFile; fileRef = 8E7A8D372A6772D500C086B9 /* PostgresRecord.swift */; };
		8E7A8D3A2A6772F500C086B9 /* Error.swift in Sources */ = {isa = PBXBuildFile; fileRef = 8E7A8D392A6772F500C086B9 /* Error.swift */; };
		8E7A8D3F2A67733200C086B9 /* PostgresSchemaInfo.swift in Sources */ = {isa = PBXBuildFile; fileRef = 8E7A8D3E2A67733200C086B9 /* PostgresSchemaInfo.swift */; };
		8E7A8D422A67736000C086B9 /* EncodableDBRecord.swift in Sources */ = {isa = PBXBuildFile; fileRef = 8E7A8D412A67736000C086B9 /* EncodableDBRecord.swift */; };
		8E7A8D442A67737600C086B9 /* PostgresDBValueContainer.swift in Sources */ = {isa = PBXBuildFile; fileRef = 8E7A8D432A67737600C086B9 /* PostgresDBValueContainer.swift */; };
		8E7A8D462A67739100C086B9 /* PostgresSchemaGenerator.swift in Sources */ = {isa = PBXBuildFile; fileRef = 8E7A8D452A67739100C086B9 /* PostgresSchemaGenerator.swift */; };
		8E7A8D482A6773AA00C086B9 /* PostgreSQLStatement.swift in Sources */ = {isa = PBXBuildFile; fileRef = 8E7A8D472A6773AA00C086B9 /* PostgreSQLStatement.swift */; };
		8E7A8D4A2A6773BD00C086B9 /* CRUDStatement.swift in Sources */ = {isa = PBXBuildFile; fileRef = 8E7A8D492A6773BD00C086B9 /* CRUDStatement.swift */; };
		8E7A8D4C2A6773DC00C086B9 /* PostgresRow.swift in Sources */ = {isa = PBXBuildFile; fileRef = 8E7A8D4B2A6773DC00C086B9 /* PostgresRow.swift */; };
		8E7A8D4E2A6773F100C086B9 /* PostgresDBRowValueConversion.swift in Sources */ = {isa = PBXBuildFile; fileRef = 8E7A8D4D2A6773F100C086B9 /* PostgresDBRowValueConversion.swift */; };
		8E7A8D502A67740600C086B9 /* PostgresRowDecoder.swift in Sources */ = {isa = PBXBuildFile; fileRef = 8E7A8D4F2A67740600C086B9 /* PostgresRowDecoder.swift */; };
		8E7A8D532A67748D00C086B9 /* OrderedDictionary.swift in Sources */ = {isa = PBXBuildFile; fileRef = 8E7A8D522A67748D00C086B9 /* OrderedDictionary.swift */; };
		8E7A8D552A6774BB00C086B9 /* Extensions.swift in Sources */ = {isa = PBXBuildFile; fileRef = 8E7A8D542A6774BB00C086B9 /* Extensions.swift */; };
		8E7A8D582A67790200C086B9 /* Foo.swift in Sources */ = {isa = PBXBuildFile; fileRef = 8E7A8D572A67790200C086B9 /* Foo.swift */; };
		8E7A8D5A2A677AD900C086B9 /* FooDaoInterface.swift in Sources */ = {isa = PBXBuildFile; fileRef = 8E7A8D592A677AD900C086B9 /* FooDaoInterface.swift */; };
		8E7A8D5C2A677B4400C086B9 /* FooDao.swift in Sources */ = {isa = PBXBuildFile; fileRef = 8E7A8D5B2A677B4400C086B9 /* FooDao.swift */; };
		8E7A8D5E2A677BAC00C086B9 /* FooDaoPostgresCK.swift in Sources */ = {isa = PBXBuildFile; fileRef = 8E7A8D5D2A677BAC00C086B9 /* FooDaoPostgresCK.swift */; };
		8E7A8D632A6813A200C086B9 /* LoggerFactory in Frameworks */ = {isa = PBXBuildFile; productRef = 8E7A8D622A6813A200C086B9 /* LoggerFactory */; };
/* End PBXBuildFile section */

/* Begin PBXContainerItemProxy section */
		8E7A8D052A6756AA00C086B9 /* PBXContainerItemProxy */ = {
			isa = PBXContainerItemProxy;
			containerPortal = 8E7A8CEB2A6756A900C086B9 /* Project object */;
			proxyType = 1;
			remoteGlobalIDString = 8E7A8CF22A6756A900C086B9;
			remoteInfo = PostgresModelApp;
		};
		8E7A8D0F2A6756AA00C086B9 /* PBXContainerItemProxy */ = {
			isa = PBXContainerItemProxy;
			containerPortal = 8E7A8CEB2A6756A900C086B9 /* Project object */;
			proxyType = 1;
			remoteGlobalIDString = 8E7A8CF22A6756A900C086B9;
			remoteInfo = PostgresModelApp;
		};
/* End PBXContainerItemProxy section */

/* Begin PBXFileReference section */
		8E2BE83C2A6D2F6800AECC78 /* DatabaseTriggerDefinition.swift */ = {isa = PBXFileReference; lastKnownFileType = sourcecode.swift; path = DatabaseTriggerDefinition.swift; sourceTree = "<group>"; };
		8E7A8CF32A6756A900C086B9 /* PostgresModelApp.app */ = {isa = PBXFileReference; explicitFileType = wrapper.application; includeInIndex = 0; path = PostgresModelApp.app; sourceTree = BUILT_PRODUCTS_DIR; };
		8E7A8CF62A6756A900C086B9 /* AppDelegate.swift */ = {isa = PBXFileReference; lastKnownFileType = sourcecode.swift; path = AppDelegate.swift; sourceTree = "<group>"; };
		8E7A8CF82A6756A900C086B9 /* ViewController.swift */ = {isa = PBXFileReference; lastKnownFileType = sourcecode.swift; path = ViewController.swift; sourceTree = "<group>"; };
		8E7A8CFA2A6756AA00C086B9 /* Assets.xcassets */ = {isa = PBXFileReference; lastKnownFileType = folder.assetcatalog; path = Assets.xcassets; sourceTree = "<group>"; };
		8E7A8CFD2A6756AA00C086B9 /* Base */ = {isa = PBXFileReference; lastKnownFileType = file.storyboard; name = Base; path = Base.lproj/Main.storyboard; sourceTree = "<group>"; };
		8E7A8CFF2A6756AA00C086B9 /* PostgresModelApp.entitlements */ = {isa = PBXFileReference; lastKnownFileType = text.plist.entitlements; path = PostgresModelApp.entitlements; sourceTree = "<group>"; };
		8E7A8D042A6756AA00C086B9 /* PostgresModelAppTests.xctest */ = {isa = PBXFileReference; explicitFileType = wrapper.cfbundle; includeInIndex = 0; path = PostgresModelAppTests.xctest; sourceTree = BUILT_PRODUCTS_DIR; };
		8E7A8D082A6756AA00C086B9 /* PostgresModelAppTests.swift */ = {isa = PBXFileReference; lastKnownFileType = sourcecode.swift; path = PostgresModelAppTests.swift; sourceTree = "<group>"; };
		8E7A8D0E2A6756AA00C086B9 /* PostgresModelAppUITests.xctest */ = {isa = PBXFileReference; explicitFileType = wrapper.cfbundle; includeInIndex = 0; path = PostgresModelAppUITests.xctest; sourceTree = BUILT_PRODUCTS_DIR; };
		8E7A8D122A6756AA00C086B9 /* PostgresModelAppUITests.swift */ = {isa = PBXFileReference; lastKnownFileType = sourcecode.swift; path = PostgresModelAppUITests.swift; sourceTree = "<group>"; };
		8E7A8D142A6756AA00C086B9 /* PostgresModelAppUITestsLaunchTests.swift */ = {isa = PBXFileReference; lastKnownFileType = sourcecode.swift; path = PostgresModelAppUITestsLaunchTests.swift; sourceTree = "<group>"; };
		8E7A8D2B2A675ECF00C086B9 /* SchemaVersionMigration.swift */ = {isa = PBXFileReference; lastKnownFileType = sourcecode.swift; path = SchemaVersionMigration.swift; sourceTree = "<group>"; };
		8E7A8D2D2A675EFE00C086B9 /* DatabaseDefinition.swift */ = {isa = PBXFileReference; lastKnownFileType = sourcecode.swift; path = DatabaseDefinition.swift; sourceTree = "<group>"; };
		8E7A8D2F2A675F2200C086B9 /* DatabaseColumnMapping.swift */ = {isa = PBXFileReference; lastKnownFileType = sourcecode.swift; path = DatabaseColumnMapping.swift; sourceTree = "<group>"; };
		8E7A8D312A675F6200C086B9 /* PostgresDB.swift */ = {isa = PBXFileReference; lastKnownFileType = sourcecode.swift; path = PostgresDB.swift; sourceTree = "<group>"; };
		8E7A8D372A6772D500C086B9 /* PostgresRecord.swift */ = {isa = PBXFileReference; lastKnownFileType = sourcecode.swift; path = PostgresRecord.swift; sourceTree = "<group>"; };
		8E7A8D392A6772F500C086B9 /* Error.swift */ = {isa = PBXFileReference; lastKnownFileType = sourcecode.swift; path = Error.swift; sourceTree = "<group>"; };
		8E7A8D3E2A67733200C086B9 /* PostgresSchemaInfo.swift */ = {isa = PBXFileReference; lastKnownFileType = sourcecode.swift; path = PostgresSchemaInfo.swift; sourceTree = "<group>"; };
		8E7A8D412A67736000C086B9 /* EncodableDBRecord.swift */ = {isa = PBXFileReference; lastKnownFileType = sourcecode.swift; path = EncodableDBRecord.swift; sourceTree = "<group>"; };
		8E7A8D432A67737600C086B9 /* PostgresDBValueContainer.swift */ = {isa = PBXFileReference; lastKnownFileType = sourcecode.swift; path = PostgresDBValueContainer.swift; sourceTree = "<group>"; };
		8E7A8D452A67739100C086B9 /* PostgresSchemaGenerator.swift */ = {isa = PBXFileReference; lastKnownFileType = sourcecode.swift; path = PostgresSchemaGenerator.swift; sourceTree = "<group>"; };
		8E7A8D472A6773AA00C086B9 /* PostgreSQLStatement.swift */ = {isa = PBXFileReference; lastKnownFileType = sourcecode.swift; path = PostgreSQLStatement.swift; sourceTree = "<group>"; };
		8E7A8D492A6773BD00C086B9 /* CRUDStatement.swift */ = {isa = PBXFileReference; lastKnownFileType = sourcecode.swift; path = CRUDStatement.swift; sourceTree = "<group>"; };
		8E7A8D4B2A6773DC00C086B9 /* PostgresRow.swift */ = {isa = PBXFileReference; lastKnownFileType = sourcecode.swift; path = PostgresRow.swift; sourceTree = "<group>"; };
		8E7A8D4D2A6773F100C086B9 /* PostgresDBRowValueConversion.swift */ = {isa = PBXFileReference; lastKnownFileType = sourcecode.swift; path = PostgresDBRowValueConversion.swift; sourceTree = "<group>"; };
		8E7A8D4F2A67740600C086B9 /* PostgresRowDecoder.swift */ = {isa = PBXFileReference; lastKnownFileType = sourcecode.swift; path = PostgresRowDecoder.swift; sourceTree = "<group>"; };
		8E7A8D522A67748D00C086B9 /* OrderedDictionary.swift */ = {isa = PBXFileReference; lastKnownFileType = sourcecode.swift; path = OrderedDictionary.swift; sourceTree = "<group>"; };
		8E7A8D542A6774BB00C086B9 /* Extensions.swift */ = {isa = PBXFileReference; lastKnownFileType = sourcecode.swift; path = Extensions.swift; sourceTree = "<group>"; };
		8E7A8D572A67790200C086B9 /* Foo.swift */ = {isa = PBXFileReference; lastKnownFileType = sourcecode.swift; path = Foo.swift; sourceTree = "<group>"; };
		8E7A8D592A677AD900C086B9 /* FooDaoInterface.swift */ = {isa = PBXFileReference; lastKnownFileType = sourcecode.swift; path = FooDaoInterface.swift; sourceTree = "<group>"; };
		8E7A8D5B2A677B4400C086B9 /* FooDao.swift */ = {isa = PBXFileReference; lastKnownFileType = sourcecode.swift; path = FooDao.swift; sourceTree = "<group>"; };
		8E7A8D5D2A677BAC00C086B9 /* FooDaoPostgresCK.swift */ = {isa = PBXFileReference; lastKnownFileType = sourcecode.swift; path = FooDaoPostgresCK.swift; sourceTree = "<group>"; };
/* End PBXFileReference section */

/* Begin PBXFrameworksBuildPhase section */
		8E7A8CF02A6756A900C086B9 /* Frameworks */ = {
			isa = PBXFrameworksBuildPhase;
			buildActionMask = 2147483647;
			files = (
				8E7A8D252A675E1100C086B9 /* PostgresClientKit in Frameworks */,
				8E7A8D632A6813A200C086B9 /* LoggerFactory in Frameworks */,
			);
			runOnlyForDeploymentPostprocessing = 0;
		};
		8E7A8D012A6756AA00C086B9 /* Frameworks */ = {
			isa = PBXFrameworksBuildPhase;
			buildActionMask = 2147483647;
			files = (
			);
			runOnlyForDeploymentPostprocessing = 0;
		};
		8E7A8D0B2A6756AA00C086B9 /* Frameworks */ = {
			isa = PBXFrameworksBuildPhase;
			buildActionMask = 2147483647;
			files = (
			);
			runOnlyForDeploymentPostprocessing = 0;
		};
/* End PBXFrameworksBuildPhase section */

/* Begin PBXGroup section */
		8E7A8CEA2A6756A900C086B9 = {
			isa = PBXGroup;
			children = (
				8E7A8CF52A6756A900C086B9 /* PostgresModelApp */,
				8E7A8D072A6756AA00C086B9 /* PostgresModelAppTests */,
				8E7A8D112A6756AA00C086B9 /* PostgresModelAppUITests */,
				8E7A8CF42A6756A900C086B9 /* Products */,
			);
			sourceTree = "<group>";
		};
		8E7A8CF42A6756A900C086B9 /* Products */ = {
			isa = PBXGroup;
			children = (
				8E7A8CF32A6756A900C086B9 /* PostgresModelApp.app */,
				8E7A8D042A6756AA00C086B9 /* PostgresModelAppTests.xctest */,
				8E7A8D0E2A6756AA00C086B9 /* PostgresModelAppUITests.xctest */,
			);
			name = Products;
			sourceTree = "<group>";
		};
		8E7A8CF52A6756A900C086B9 /* PostgresModelApp */ = {
			isa = PBXGroup;
			children = (
				8E7A8D262A675E5000C086B9 /* Data */,
				8E7A8CF62A6756A900C086B9 /* AppDelegate.swift */,
				8E7A8CF82A6756A900C086B9 /* ViewController.swift */,
				8E7A8CFA2A6756AA00C086B9 /* Assets.xcassets */,
				8E7A8CFC2A6756AA00C086B9 /* Main.storyboard */,
				8E7A8CFF2A6756AA00C086B9 /* PostgresModelApp.entitlements */,
			);
			path = PostgresModelApp;
			sourceTree = "<group>";
		};
		8E7A8D072A6756AA00C086B9 /* PostgresModelAppTests */ = {
			isa = PBXGroup;
			children = (
				8E7A8D082A6756AA00C086B9 /* PostgresModelAppTests.swift */,
			);
			path = PostgresModelAppTests;
			sourceTree = "<group>";
		};
		8E7A8D112A6756AA00C086B9 /* PostgresModelAppUITests */ = {
			isa = PBXGroup;
			children = (
				8E7A8D122A6756AA00C086B9 /* PostgresModelAppUITests.swift */,
				8E7A8D142A6756AA00C086B9 /* PostgresModelAppUITestsLaunchTests.swift */,
			);
			path = PostgresModelAppUITests;
			sourceTree = "<group>";
		};
		8E7A8D262A675E5000C086B9 /* Data */ = {
			isa = PBXGroup;
			children = (
				8E7A8D562A6778F400C086B9 /* DBO */,
				8E7A8D272A675E5C00C086B9 /* DAO */,
			);
			path = Data;
			sourceTree = "<group>";
		};
		8E7A8D272A675E5C00C086B9 /* DAO */ = {
			isa = PBXGroup;
			children = (
				8E7A8D2A2A675EB000C086B9 /* VersionControl */,
				8E7A8D282A675E6700C086B9 /* CodableDBDialet */,
				8E7A8D592A677AD900C086B9 /* FooDaoInterface.swift */,
				8E7A8D5B2A677B4400C086B9 /* FooDao.swift */,
				8E7A8D5D2A677BAC00C086B9 /* FooDaoPostgresCK.swift */,
			);
			path = DAO;
			sourceTree = "<group>";
		};
		8E7A8D282A675E6700C086B9 /* CodableDBDialet */ = {
			isa = PBXGroup;
			children = (
				8E7A8D292A675E7400C086B9 /* PostgresDB */,
			);
			path = CodableDBDialet;
			sourceTree = "<group>";
		};
		8E7A8D292A675E7400C086B9 /* PostgresDB */ = {
			isa = PBXGroup;
			children = (
				8E7A8D512A67748300C086B9 /* Commons */,
				8E7A8D402A67735500C086B9 /* RecordWriter */,
				8E7A8D3D2A67732100C086B9 /* RecordReader */,
				8E7A8D3C2A67731900C086B9 /* SQLStatement */,
				8E7A8D3B2A67731200C086B9 /* CommonEntity */,
				8E7A8D312A675F6200C086B9 /* PostgresDB.swift */,
				8E7A8D372A6772D500C086B9 /* PostgresRecord.swift */,
				8E7A8D392A6772F500C086B9 /* Error.swift */,
			);
			path = PostgresDB;
			sourceTree = "<group>";
		};
		8E7A8D2A2A675EB000C086B9 /* VersionControl */ = {
			isa = PBXGroup;
			children = (
				8E7A8D2B2A675ECF00C086B9 /* SchemaVersionMigration.swift */,
				8E7A8D2D2A675EFE00C086B9 /* DatabaseDefinition.swift */,
				8E7A8D2F2A675F2200C086B9 /* DatabaseColumnMapping.swift */,
				8E2BE83C2A6D2F6800AECC78 /* DatabaseTriggerDefinition.swift */,
			);
			path = VersionControl;
			sourceTree = "<group>";
		};
		8E7A8D3B2A67731200C086B9 /* CommonEntity */ = {
			isa = PBXGroup;
			children = (
				8E7A8D3E2A67733200C086B9 /* PostgresSchemaInfo.swift */,
			);
			path = CommonEntity;
			sourceTree = "<group>";
		};
		8E7A8D3C2A67731900C086B9 /* SQLStatement */ = {
			isa = PBXGroup;
			children = (
				8E7A8D452A67739100C086B9 /* PostgresSchemaGenerator.swift */,
				8E7A8D472A6773AA00C086B9 /* PostgreSQLStatement.swift */,
				8E7A8D492A6773BD00C086B9 /* CRUDStatement.swift */,
			);
			path = SQLStatement;
			sourceTree = "<group>";
		};
		8E7A8D3D2A67732100C086B9 /* RecordReader */ = {
			isa = PBXGroup;
			children = (
				8E7A8D4B2A6773DC00C086B9 /* PostgresRow.swift */,
				8E7A8D4D2A6773F100C086B9 /* PostgresDBRowValueConversion.swift */,
				8E7A8D4F2A67740600C086B9 /* PostgresRowDecoder.swift */,
			);
			path = RecordReader;
			sourceTree = "<group>";
		};
		8E7A8D402A67735500C086B9 /* RecordWriter */ = {
			isa = PBXGroup;
			children = (
				8E7A8D412A67736000C086B9 /* EncodableDBRecord.swift */,
				8E7A8D432A67737600C086B9 /* PostgresDBValueContainer.swift */,
			);
			path = RecordWriter;
			sourceTree = "<group>";
		};
		8E7A8D512A67748300C086B9 /* Commons */ = {
			isa = PBXGroup;
			children = (
				8E7A8D522A67748D00C086B9 /* OrderedDictionary.swift */,
				8E7A8D542A6774BB00C086B9 /* Extensions.swift */,
			);
			path = Commons;
			sourceTree = "<group>";
		};
		8E7A8D562A6778F400C086B9 /* DBO */ = {
			isa = PBXGroup;
			children = (
				8E7A8D572A67790200C086B9 /* Foo.swift */,
			);
			path = DBO;
			sourceTree = "<group>";
		};
/* End PBXGroup section */

/* Begin PBXNativeTarget section */
		8E7A8CF22A6756A900C086B9 /* PostgresModelApp */ = {
			isa = PBXNativeTarget;
			buildConfigurationList = 8E7A8D182A6756AA00C086B9 /* Build configuration list for PBXNativeTarget "PostgresModelApp" */;
			buildPhases = (
				8E7A8CEF2A6756A900C086B9 /* Sources */,
				8E7A8CF02A6756A900C086B9 /* Frameworks */,
				8E7A8CF12A6756A900C086B9 /* Resources */,
			);
			buildRules = (
			);
			dependencies = (
			);
			name = PostgresModelApp;
			packageProductDependencies = (
				8E7A8D242A675E1100C086B9 /* PostgresClientKit */,
				8E7A8D622A6813A200C086B9 /* LoggerFactory */,
			);
			productName = PostgresModelApp;
			productReference = 8E7A8CF32A6756A900C086B9 /* PostgresModelApp.app */;
			productType = "com.apple.product-type.application";
		};
		8E7A8D032A6756AA00C086B9 /* PostgresModelAppTests */ = {
			isa = PBXNativeTarget;
			buildConfigurationList = 8E7A8D1B2A6756AA00C086B9 /* Build configuration list for PBXNativeTarget "PostgresModelAppTests" */;
			buildPhases = (
				8E7A8D002A6756AA00C086B9 /* Sources */,
				8E7A8D012A6756AA00C086B9 /* Frameworks */,
				8E7A8D022A6756AA00C086B9 /* Resources */,
			);
			buildRules = (
			);
			dependencies = (
				8E7A8D062A6756AA00C086B9 /* PBXTargetDependency */,
			);
			name = PostgresModelAppTests;
			productName = PostgresModelAppTests;
			productReference = 8E7A8D042A6756AA00C086B9 /* PostgresModelAppTests.xctest */;
			productType = "com.apple.product-type.bundle.unit-test";
		};
		8E7A8D0D2A6756AA00C086B9 /* PostgresModelAppUITests */ = {
			isa = PBXNativeTarget;
			buildConfigurationList = 8E7A8D1E2A6756AA00C086B9 /* Build configuration list for PBXNativeTarget "PostgresModelAppUITests" */;
			buildPhases = (
				8E7A8D0A2A6756AA00C086B9 /* Sources */,
				8E7A8D0B2A6756AA00C086B9 /* Frameworks */,
				8E7A8D0C2A6756AA00C086B9 /* Resources */,
			);
			buildRules = (
			);
			dependencies = (
				8E7A8D102A6756AA00C086B9 /* PBXTargetDependency */,
			);
			name = PostgresModelAppUITests;
			productName = PostgresModelAppUITests;
			productReference = 8E7A8D0E2A6756AA00C086B9 /* PostgresModelAppUITests.xctest */;
			productType = "com.apple.product-type.bundle.ui-testing";
		};
/* End PBXNativeTarget section */

/* Begin PBXProject section */
		8E7A8CEB2A6756A900C086B9 /* Project object */ = {
			isa = PBXProject;
			attributes = {
				BuildIndependentTargetsInParallel = 1;
				LastSwiftUpdateCheck = 1430;
				LastUpgradeCheck = 1430;
				TargetAttributes = {
					8E7A8CF22A6756A900C086B9 = {
						CreatedOnToolsVersion = 14.3.1;
					};
					8E7A8D032A6756AA00C086B9 = {
						CreatedOnToolsVersion = 14.3.1;
						TestTargetID = 8E7A8CF22A6756A900C086B9;
					};
					8E7A8D0D2A6756AA00C086B9 = {
						CreatedOnToolsVersion = 14.3.1;
						TestTargetID = 8E7A8CF22A6756A900C086B9;
					};
				};
			};
			buildConfigurationList = 8E7A8CEE2A6756A900C086B9 /* Build configuration list for PBXProject "PostgresModelApp" */;
			compatibilityVersion = "Xcode 14.0";
			developmentRegion = en;
			hasScannedForEncodings = 0;
			knownRegions = (
				en,
				Base,
			);
			mainGroup = 8E7A8CEA2A6756A900C086B9;
			packageReferences = (
				8E7A8D232A675E1100C086B9 /* XCRemoteSwiftPackageReference "PostgresClientKit" */,
				8E7A8D612A6813A200C086B9 /* XCRemoteSwiftPackageReference "LoggerFactory" */,
			);
			productRefGroup = 8E7A8CF42A6756A900C086B9 /* Products */;
			projectDirPath = "";
			projectRoot = "";
			targets = (
				8E7A8CF22A6756A900C086B9 /* PostgresModelApp */,
				8E7A8D032A6756AA00C086B9 /* PostgresModelAppTests */,
				8E7A8D0D2A6756AA00C086B9 /* PostgresModelAppUITests */,
			);
		};
/* End PBXProject section */

/* Begin PBXResourcesBuildPhase section */
		8E7A8CF12A6756A900C086B9 /* Resources */ = {
			isa = PBXResourcesBuildPhase;
			buildActionMask = 2147483647;
			files = (
				8E7A8CFB2A6756AA00C086B9 /* Assets.xcassets in Resources */,
				8E7A8CFE2A6756AA00C086B9 /* Main.storyboard in Resources */,
			);
			runOnlyForDeploymentPostprocessing = 0;
		};
		8E7A8D022A6756AA00C086B9 /* Resources */ = {
			isa = PBXResourcesBuildPhase;
			buildActionMask = 2147483647;
			files = (
			);
			runOnlyForDeploymentPostprocessing = 0;
		};
		8E7A8D0C2A6756AA00C086B9 /* Resources */ = {
			isa = PBXResourcesBuildPhase;
			buildActionMask = 2147483647;
			files = (
			);
			runOnlyForDeploymentPostprocessing = 0;
		};
/* End PBXResourcesBuildPhase section */

/* Begin PBXSourcesBuildPhase section */
		8E7A8CEF2A6756A900C086B9 /* Sources */ = {
			isa = PBXSourcesBuildPhase;
			buildActionMask = 2147483647;
			files = (
				8E7A8D462A67739100C086B9 /* PostgresSchemaGenerator.swift in Sources */,
				8E7A8D3F2A67733200C086B9 /* PostgresSchemaInfo.swift in Sources */,
				8E7A8D4E2A6773F100C086B9 /* PostgresDBRowValueConversion.swift in Sources */,
				8E7A8CF92A6756A900C086B9 /* ViewController.swift in Sources */,
				8E2BE83D2A6D2F6800AECC78 /* DatabaseTriggerDefinition.swift in Sources */,
				8E7A8D302A675F2200C086B9 /* DatabaseColumnMapping.swift in Sources */,
				8E7A8D5E2A677BAC00C086B9 /* FooDaoPostgresCK.swift in Sources */,
				8E7A8D482A6773AA00C086B9 /* PostgreSQLStatement.swift in Sources */,
				8E7A8D582A67790200C086B9 /* Foo.swift in Sources */,
				8E7A8D322A675F6200C086B9 /* PostgresDB.swift in Sources */,
				8E7A8D502A67740600C086B9 /* PostgresRowDecoder.swift in Sources */,
				8E7A8D2E2A675EFE00C086B9 /* DatabaseDefinition.swift in Sources */,
				8E7A8D442A67737600C086B9 /* PostgresDBValueContainer.swift in Sources */,
				8E7A8D382A6772D500C086B9 /* PostgresRecord.swift in Sources */,
				8E7A8D5C2A677B4400C086B9 /* FooDao.swift in Sources */,
				8E7A8D2C2A675ECF00C086B9 /* SchemaVersionMigration.swift in Sources */,
				8E7A8D532A67748D00C086B9 /* OrderedDictionary.swift in Sources */,
				8E7A8D4C2A6773DC00C086B9 /* PostgresRow.swift in Sources */,
				8E7A8D552A6774BB00C086B9 /* Extensions.swift in Sources */,
				8E7A8D422A67736000C086B9 /* EncodableDBRecord.swift in Sources */,
				8E7A8D3A2A6772F500C086B9 /* Error.swift in Sources */,
				8E7A8D5A2A677AD900C086B9 /* FooDaoInterface.swift in Sources */,
				8E7A8D4A2A6773BD00C086B9 /* CRUDStatement.swift in Sources */,
				8E7A8CF72A6756A900C086B9 /* AppDelegate.swift in Sources */,
			);
			runOnlyForDeploymentPostprocessing = 0;
		};
		8E7A8D002A6756AA00C086B9 /* Sources */ = {
			isa = PBXSourcesBuildPhase;
			buildActionMask = 2147483647;
			files = (
				8E7A8D092A6756AA00C086B9 /* PostgresModelAppTests.swift in Sources */,
			);
			runOnlyForDeploymentPostprocessing = 0;
		};
		8E7A8D0A2A6756AA00C086B9 /* Sources */ = {
			isa = PBXSourcesBuildPhase;
			buildActionMask = 2147483647;
			files = (
				8E7A8D132A6756AA00C086B9 /* PostgresModelAppUITests.swift in Sources */,
				8E7A8D152A6756AA00C086B9 /* PostgresModelAppUITestsLaunchTests.swift in Sources */,
			);
			runOnlyForDeploymentPostprocessing = 0;
		};
/* End PBXSourcesBuildPhase section */

/* Begin PBXTargetDependency section */
		8E7A8D062A6756AA00C086B9 /* PBXTargetDependency */ = {
			isa = PBXTargetDependency;
			target = 8E7A8CF22A6756A900C086B9 /* PostgresModelApp */;
			targetProxy = 8E7A8D052A6756AA00C086B9 /* PBXContainerItemProxy */;
		};
		8E7A8D102A6756AA00C086B9 /* PBXTargetDependency */ = {
			isa = PBXTargetDependency;
			target = 8E7A8CF22A6756A900C086B9 /* PostgresModelApp */;
			targetProxy = 8E7A8D0F2A6756AA00C086B9 /* PBXContainerItemProxy */;
		};
/* End PBXTargetDependency section */

/* Begin PBXVariantGroup section */
		8E7A8CFC2A6756AA00C086B9 /* Main.storyboard */ = {
			isa = PBXVariantGroup;
			children = (
				8E7A8CFD2A6756AA00C086B9 /* Base */,
			);
			name = Main.storyboard;
			sourceTree = "<group>";
		};
/* End PBXVariantGroup section */

/* Begin XCBuildConfiguration section */
		8E7A8D162A6756AA00C086B9 /* Debug */ = {
			isa = XCBuildConfiguration;
			buildSettings = {
				ALWAYS_SEARCH_USER_PATHS = NO;
				CLANG_ANALYZER_NONNULL = YES;
				CLANG_ANALYZER_NUMBER_OBJECT_CONVERSION = YES_AGGRESSIVE;
				CLANG_CXX_LANGUAGE_STANDARD = "gnu++20";
				CLANG_ENABLE_MODULES = YES;
				CLANG_ENABLE_OBJC_ARC = YES;
				CLANG_ENABLE_OBJC_WEAK = YES;
				CLANG_WARN_BLOCK_CAPTURE_AUTORELEASING = YES;
				CLANG_WARN_BOOL_CONVERSION = YES;
				CLANG_WARN_COMMA = YES;
				CLANG_WARN_CONSTANT_CONVERSION = YES;
				CLANG_WARN_DEPRECATED_OBJC_IMPLEMENTATIONS = YES;
				CLANG_WARN_DIRECT_OBJC_ISA_USAGE = YES_ERROR;
				CLANG_WARN_DOCUMENTATION_COMMENTS = YES;
				CLANG_WARN_EMPTY_BODY = YES;
				CLANG_WARN_ENUM_CONVERSION = YES;
				CLANG_WARN_INFINITE_RECURSION = YES;
				CLANG_WARN_INT_CONVERSION = YES;
				CLANG_WARN_NON_LITERAL_NULL_CONVERSION = YES;
				CLANG_WARN_OBJC_IMPLICIT_RETAIN_SELF = YES;
				CLANG_WARN_OBJC_LITERAL_CONVERSION = YES;
				CLANG_WARN_OBJC_ROOT_CLASS = YES_ERROR;
				CLANG_WARN_QUOTED_INCLUDE_IN_FRAMEWORK_HEADER = YES;
				CLANG_WARN_RANGE_LOOP_ANALYSIS = YES;
				CLANG_WARN_STRICT_PROTOTYPES = YES;
				CLANG_WARN_SUSPICIOUS_MOVE = YES;
				CLANG_WARN_UNGUARDED_AVAILABILITY = YES_AGGRESSIVE;
				CLANG_WARN_UNREACHABLE_CODE = YES;
				CLANG_WARN__DUPLICATE_METHOD_MATCH = YES;
				COPY_PHASE_STRIP = NO;
				DEBUG_INFORMATION_FORMAT = dwarf;
				ENABLE_STRICT_OBJC_MSGSEND = YES;
				ENABLE_TESTABILITY = YES;
				GCC_C_LANGUAGE_STANDARD = gnu11;
				GCC_DYNAMIC_NO_PIC = NO;
				GCC_NO_COMMON_BLOCKS = YES;
				GCC_OPTIMIZATION_LEVEL = 0;
				GCC_PREPROCESSOR_DEFINITIONS = (
					"DEBUG=1",
					"$(inherited)",
				);
				GCC_WARN_64_TO_32_BIT_CONVERSION = YES;
				GCC_WARN_ABOUT_RETURN_TYPE = YES_ERROR;
				GCC_WARN_UNDECLARED_SELECTOR = YES;
				GCC_WARN_UNINITIALIZED_AUTOS = YES_AGGRESSIVE;
				GCC_WARN_UNUSED_FUNCTION = YES;
				GCC_WARN_UNUSED_VARIABLE = YES;
				MACOSX_DEPLOYMENT_TARGET = 13.3;
				MTL_ENABLE_DEBUG_INFO = INCLUDE_SOURCE;
				MTL_FAST_MATH = YES;
				ONLY_ACTIVE_ARCH = YES;
				SDKROOT = macosx;
				SWIFT_ACTIVE_COMPILATION_CONDITIONS = DEBUG;
				SWIFT_OPTIMIZATION_LEVEL = "-Onone";
			};
			name = Debug;
		};
		8E7A8D172A6756AA00C086B9 /* Release */ = {
			isa = XCBuildConfiguration;
			buildSettings = {
				ALWAYS_SEARCH_USER_PATHS = NO;
				CLANG_ANALYZER_NONNULL = YES;
				CLANG_ANALYZER_NUMBER_OBJECT_CONVERSION = YES_AGGRESSIVE;
				CLANG_CXX_LANGUAGE_STANDARD = "gnu++20";
				CLANG_ENABLE_MODULES = YES;
				CLANG_ENABLE_OBJC_ARC = YES;
				CLANG_ENABLE_OBJC_WEAK = YES;
				CLANG_WARN_BLOCK_CAPTURE_AUTORELEASING = YES;
				CLANG_WARN_BOOL_CONVERSION = YES;
				CLANG_WARN_COMMA = YES;
				CLANG_WARN_CONSTANT_CONVERSION = YES;
				CLANG_WARN_DEPRECATED_OBJC_IMPLEMENTATIONS = YES;
				CLANG_WARN_DIRECT_OBJC_ISA_USAGE = YES_ERROR;
				CLANG_WARN_DOCUMENTATION_COMMENTS = YES;
				CLANG_WARN_EMPTY_BODY = YES;
				CLANG_WARN_ENUM_CONVERSION = YES;
				CLANG_WARN_INFINITE_RECURSION = YES;
				CLANG_WARN_INT_CONVERSION = YES;
				CLANG_WARN_NON_LITERAL_NULL_CONVERSION = YES;
				CLANG_WARN_OBJC_IMPLICIT_RETAIN_SELF = YES;
				CLANG_WARN_OBJC_LITERAL_CONVERSION = YES;
				CLANG_WARN_OBJC_ROOT_CLASS = YES_ERROR;
				CLANG_WARN_QUOTED_INCLUDE_IN_FRAMEWORK_HEADER = YES;
				CLANG_WARN_RANGE_LOOP_ANALYSIS = YES;
				CLANG_WARN_STRICT_PROTOTYPES = YES;
				CLANG_WARN_SUSPICIOUS_MOVE = YES;
				CLANG_WARN_UNGUARDED_AVAILABILITY = YES_AGGRESSIVE;
				CLANG_WARN_UNREACHABLE_CODE = YES;
				CLANG_WARN__DUPLICATE_METHOD_MATCH = YES;
				COPY_PHASE_STRIP = NO;
				DEBUG_INFORMATION_FORMAT = "dwarf-with-dsym";
				ENABLE_NS_ASSERTIONS = NO;
				ENABLE_STRICT_OBJC_MSGSEND = YES;
				GCC_C_LANGUAGE_STANDARD = gnu11;
				GCC_NO_COMMON_BLOCKS = YES;
				GCC_WARN_64_TO_32_BIT_CONVERSION = YES;
				GCC_WARN_ABOUT_RETURN_TYPE = YES_ERROR;
				GCC_WARN_UNDECLARED_SELECTOR = YES;
				GCC_WARN_UNINITIALIZED_AUTOS = YES_AGGRESSIVE;
				GCC_WARN_UNUSED_FUNCTION = YES;
				GCC_WARN_UNUSED_VARIABLE = YES;
				MACOSX_DEPLOYMENT_TARGET = 13.3;
				MTL_ENABLE_DEBUG_INFO = NO;
				MTL_FAST_MATH = YES;
				SDKROOT = macosx;
				SWIFT_COMPILATION_MODE = wholemodule;
				SWIFT_OPTIMIZATION_LEVEL = "-O";
			};
			name = Release;
		};
		8E7A8D192A6756AA00C086B9 /* Debug */ = {
			isa = XCBuildConfiguration;
			buildSettings = {
				ASSETCATALOG_COMPILER_APPICON_NAME = AppIcon;
				ASSETCATALOG_COMPILER_GLOBAL_ACCENT_COLOR_NAME = AccentColor;
				CODE_SIGN_ENTITLEMENTS = PostgresModelApp/PostgresModelApp.entitlements;
				CODE_SIGN_STYLE = Automatic;
				COMBINE_HIDPI_IMAGES = YES;
				CURRENT_PROJECT_VERSION = 1;
				DEVELOPMENT_TEAM = ZU637G36U2;
				ENABLE_HARDENED_RUNTIME = YES;
				GENERATE_INFOPLIST_FILE = YES;
				INFOPLIST_KEY_NSHumanReadableCopyright = "";
				INFOPLIST_KEY_NSMainStoryboardFile = Main;
				INFOPLIST_KEY_NSPrincipalClass = NSApplication;
				LD_RUNPATH_SEARCH_PATHS = (
					"$(inherited)",
					"@executable_path/../Frameworks",
				);
				MARKETING_VERSION = 1.0;
				PRODUCT_BUNDLE_IDENTIFIER = nonamecat.PostgresModelApp;
				PRODUCT_NAME = "$(TARGET_NAME)";
				SWIFT_EMIT_LOC_STRINGS = YES;
				SWIFT_VERSION = 5.0;
			};
			name = Debug;
		};
		8E7A8D1A2A6756AA00C086B9 /* Release */ = {
			isa = XCBuildConfiguration;
			buildSettings = {
				ASSETCATALOG_COMPILER_APPICON_NAME = AppIcon;
				ASSETCATALOG_COMPILER_GLOBAL_ACCENT_COLOR_NAME = AccentColor;
				CODE_SIGN_ENTITLEMENTS = PostgresModelApp/PostgresModelApp.entitlements;
				CODE_SIGN_STYLE = Automatic;
				COMBINE_HIDPI_IMAGES = YES;
				CURRENT_PROJECT_VERSION = 1;
				DEVELOPMENT_TEAM = ZU637G36U2;
				ENABLE_HARDENED_RUNTIME = YES;
				GENERATE_INFOPLIST_FILE = YES;
				INFOPLIST_KEY_NSHumanReadableCopyright = "";
				INFOPLIST_KEY_NSMainStoryboardFile = Main;
				INFOPLIST_KEY_NSPrincipalClass = NSApplication;
				LD_RUNPATH_SEARCH_PATHS = (
					"$(inherited)",
					"@executable_path/../Frameworks",
				);
				MARKETING_VERSION = 1.0;
				PRODUCT_BUNDLE_IDENTIFIER = nonamecat.PostgresModelApp;
				PRODUCT_NAME = "$(TARGET_NAME)";
				SWIFT_EMIT_LOC_STRINGS = YES;
				SWIFT_VERSION = 5.0;
			};
			name = Release;
		};
		8E7A8D1C2A6756AA00C086B9 /* Debug */ = {
			isa = XCBuildConfiguration;
			buildSettings = {
				ALWAYS_EMBED_SWIFT_STANDARD_LIBRARIES = YES;
				BUNDLE_LOADER = "$(TEST_HOST)";
				CODE_SIGN_STYLE = Automatic;
				CURRENT_PROJECT_VERSION = 1;
				DEVELOPMENT_TEAM = ZU637G36U2;
				GENERATE_INFOPLIST_FILE = YES;
				MACOSX_DEPLOYMENT_TARGET = 13.3;
				MARKETING_VERSION = 1.0;
				PRODUCT_BUNDLE_IDENTIFIER = nonamecat.PostgresModelAppTests;
				PRODUCT_NAME = "$(TARGET_NAME)";
				SWIFT_EMIT_LOC_STRINGS = NO;
				SWIFT_VERSION = 5.0;
				TEST_HOST = "$(BUILT_PRODUCTS_DIR)/PostgresModelApp.app/$(BUNDLE_EXECUTABLE_FOLDER_PATH)/PostgresModelApp";
			};
			name = Debug;
		};
		8E7A8D1D2A6756AA00C086B9 /* Release */ = {
			isa = XCBuildConfiguration;
			buildSettings = {
				ALWAYS_EMBED_SWIFT_STANDARD_LIBRARIES = YES;
				BUNDLE_LOADER = "$(TEST_HOST)";
				CODE_SIGN_STYLE = Automatic;
				CURRENT_PROJECT_VERSION = 1;
				DEVELOPMENT_TEAM = ZU637G36U2;
				GENERATE_INFOPLIST_FILE = YES;
				MACOSX_DEPLOYMENT_TARGET = 13.3;
				MARKETING_VERSION = 1.0;
				PRODUCT_BUNDLE_IDENTIFIER = nonamecat.PostgresModelAppTests;
				PRODUCT_NAME = "$(TARGET_NAME)";
				SWIFT_EMIT_LOC_STRINGS = NO;
				SWIFT_VERSION = 5.0;
				TEST_HOST = "$(BUILT_PRODUCTS_DIR)/PostgresModelApp.app/$(BUNDLE_EXECUTABLE_FOLDER_PATH)/PostgresModelApp";
			};
			name = Release;
		};
		8E7A8D1F2A6756AA00C086B9 /* Debug */ = {
			isa = XCBuildConfiguration;
			buildSettings = {
				ALWAYS_EMBED_SWIFT_STANDARD_LIBRARIES = YES;
				CODE_SIGN_STYLE = Automatic;
				CURRENT_PROJECT_VERSION = 1;
				DEVELOPMENT_TEAM = ZU637G36U2;
				GENERATE_INFOPLIST_FILE = YES;
				MARKETING_VERSION = 1.0;
				PRODUCT_BUNDLE_IDENTIFIER = nonamecat.PostgresModelAppUITests;
				PRODUCT_NAME = "$(TARGET_NAME)";
				SWIFT_EMIT_LOC_STRINGS = NO;
				SWIFT_VERSION = 5.0;
				TEST_TARGET_NAME = PostgresModelApp;
			};
			name = Debug;
		};
		8E7A8D202A6756AA00C086B9 /* Release */ = {
			isa = XCBuildConfiguration;
			buildSettings = {
				ALWAYS_EMBED_SWIFT_STANDARD_LIBRARIES = YES;
				CODE_SIGN_STYLE = Automatic;
				CURRENT_PROJECT_VERSION = 1;
				DEVELOPMENT_TEAM = ZU637G36U2;
				GENERATE_INFOPLIST_FILE = YES;
				MARKETING_VERSION = 1.0;
				PRODUCT_BUNDLE_IDENTIFIER = nonamecat.PostgresModelAppUITests;
				PRODUCT_NAME = "$(TARGET_NAME)";
				SWIFT_EMIT_LOC_STRINGS = NO;
				SWIFT_VERSION = 5.0;
				TEST_TARGET_NAME = PostgresModelApp;
			};
			name = Release;
		};
/* End XCBuildConfiguration section */

/* Begin XCConfigurationList section */
		8E7A8CEE2A6756A900C086B9 /* Build configuration list for PBXProject "PostgresModelApp" */ = {
			isa = XCConfigurationList;
			buildConfigurations = (
				8E7A8D162A6756AA00C086B9 /* Debug */,
				8E7A8D172A6756AA00C086B9 /* Release */,
			);
			defaultConfigurationIsVisible = 0;
			defaultConfigurationName = Release;
		};
		8E7A8D182A6756AA00C086B9 /* Build configuration list for PBXNativeTarget "PostgresModelApp" */ = {
			isa = XCConfigurationList;
			buildConfigurations = (
				8E7A8D192A6756AA00C086B9 /* Debug */,
				8E7A8D1A2A6756AA00C086B9 /* Release */,
			);
			defaultConfigurationIsVisible = 0;
			defaultConfigurationName = Release;
		};
		8E7A8D1B2A6756AA00C086B9 /* Build configuration list for PBXNativeTarget "PostgresModelAppTests" */ = {
			isa = XCConfigurationList;
			buildConfigurations = (
				8E7A8D1C2A6756AA00C086B9 /* Debug */,
				8E7A8D1D2A6756AA00C086B9 /* Release */,
			);
			defaultConfigurationIsVisible = 0;
			defaultConfigurationName = Release;
		};
		8E7A8D1E2A6756AA00C086B9 /* Build configuration list for PBXNativeTarget "PostgresModelAppUITests" */ = {
			isa = XCConfigurationList;
			buildConfigurations = (
				8E7A8D1F2A6756AA00C086B9 /* Debug */,
				8E7A8D202A6756AA00C086B9 /* Release */,
			);
			defaultConfigurationIsVisible = 0;
			defaultConfigurationName = Release;
		};
/* End XCConfigurationList section */

/* Begin XCRemoteSwiftPackageReference section */
		8E7A8D232A675E1100C086B9 /* XCRemoteSwiftPackageReference "PostgresClientKit" */ = {
			isa = XCRemoteSwiftPackageReference;
			repositoryURL = "https://github.com/codewinsdotcom/PostgresClientKit.git";
			requirement = {
				kind = upToNextMajorVersion;
				minimumVersion = 1.1.0;
			};
		};
		8E7A8D612A6813A200C086B9 /* XCRemoteSwiftPackageReference "LoggerFactory" */ = {
			isa = XCRemoteSwiftPackageReference;
			repositoryURL = "https://github.com/kelvinjjwong/LoggerFactory.git";
			requirement = {
				kind = upToNextMajorVersion;
				minimumVersion = 1.0.3;
			};
		};
/* End XCRemoteSwiftPackageReference section */

/* Begin XCSwiftPackageProductDependency section */
		8E7A8D242A675E1100C086B9 /* PostgresClientKit */ = {
			isa = XCSwiftPackageProductDependency;
			package = 8E7A8D232A675E1100C086B9 /* XCRemoteSwiftPackageReference "PostgresClientKit" */;
			productName = PostgresClientKit;
		};
		8E7A8D622A6813A200C086B9 /* LoggerFactory */ = {
			isa = XCSwiftPackageProductDependency;
			package = 8E7A8D612A6813A200C086B9 /* XCRemoteSwiftPackageReference "LoggerFactory" */;
			productName = LoggerFactory;
		};
/* End XCSwiftPackageProductDependency section */
	};
	rootObject = 8E7A8CEB2A6756A900C086B9 /* Project object */;
}
